
Microsoft Visual Studio Solution File, Format Version 12.00
# Visual Studio Version 16
VisualStudioVersion = 16.0.29709.97
MinimumVisualStudioVersion = 10.0.40219.1
Project("{2150E333-8FDC-42A3-9474-1A3956D46DE8}") = "C Sharp Basico", "C Sharp Basico", "{5857290E-DC98-4049-A788-C14C22049BCF}"
EndProject
Project("{2150E333-8FDC-42A3-9474-1A3956D46DE8}") = "Operadores y Condicionales", "Operadores y Condicionales", "{80A55E4C-DEEC-4A0E-8CA8-1DF82597D5D8}"
EndProject
Project("{9A19103F-16F7-4668-BE54-9A1E7A4F7556}") = "Calcular IMC", "Operadores y Condicionales\Calcular IMC\Calcular IMC.csproj", "{81D57D59-FE72-41F1-839B-FBC202EEFDBB}"
EndProject
Project("{9A19103F-16F7-4668-BE54-9A1E7A4F7556}") = "Radio Circunferencia", "Operadores y Condicionales\Radio Circunferencia\Radio Circunferencia.csproj", "{21E5B33C-FDE4-459B-A8DB-C7F5223C0591}"
EndProject
Project("{9A19103F-16F7-4668-BE54-9A1E7A4F7556}") = "Signo Zodiacal", "Operadores y Condicionales\Signo Zodiacal\Signo Zodiacal.csproj", "{6FA1F34D-32A4-46A2-B462-01C8CE036602}"
EndProject
Project("{9A19103F-16F7-4668-BE54-9A1E7A4F7556}") = "Ecuaciones de 2do Grado", "Operadores y Condicionales\Ecuaciones de 2do Grado\Ecuaciones de 2do Grado.csproj", "{3B3966AD-2308-4969-9BAE-C5AC6F3B1B1B}"
EndProject
Project("{FAE04EC0-301F-11D3-BF4B-00C04F79EFBC}") = "Calculadora Basica", "Operadores y Condicionales\Calculadora Basica\Calculadora Basica.csproj", "{3FFEE447-C2A7-4BC3-A833-8C30F742314B}"
EndProject
Global
	GlobalSection(SolutionConfigurationPlatforms) = preSolution
		Debug|Any CPU = Debug|Any CPU
		Release|Any CPU = Release|Any CPU
	EndGlobalSection
	GlobalSection(ProjectConfigurationPlatforms) = postSolution
		{81D57D59-FE72-41F1-839B-FBC202EEFDBB}.Debug|Any CPU.ActiveCfg = Debug|Any CPU
		{81D57D59-FE72-41F1-839B-FBC202EEFDBB}.Debug|Any CPU.Build.0 = Debug|Any CPU
		{81D57D59-FE72-41F1-839B-FBC202EEFDBB}.Release|Any CPU.ActiveCfg = Release|Any CPU
		{81D57D59-FE72-41F1-839B-FBC202EEFDBB}.Release|Any CPU.Build.0 = Release|Any CPU
		{21E5B33C-FDE4-459B-A8DB-C7F5223C0591}.Debug|Any CPU.ActiveCfg = Debug|Any CPU
		{21E5B33C-FDE4-459B-A8DB-C7F5223C0591}.Debug|Any CPU.Build.0 = Debug|Any CPU
		{21E5B33C-FDE4-459B-A8DB-C7F5223C0591}.Release|Any CPU.ActiveCfg = Release|Any CPU
		{21E5B33C-FDE4-459B-A8DB-C7F5223C0591}.Release|Any CPU.Build.0 = Release|Any CPU
		{6FA1F34D-32A4-46A2-B462-01C8CE036602}.Debug|Any CPU.ActiveCfg = Debug|Any CPU
		{6FA1F34D-32A4-46A2-B462-01C8CE036602}.Debug|Any CPU.Build.0 = Debug|Any CPU
		{6FA1F34D-32A4-46A2-B462-01C8CE036602}.Release|Any CPU.ActiveCfg = Release|Any CPU
		{6FA1F34D-32A4-46A2-B462-01C8CE036602}.Release|Any CPU.Build.0 = Release|Any CPU
		{3B3966AD-2308-4969-9BAE-C5AC6F3B1B1B}.Debug|Any CPU.ActiveCfg = Debug|Any CPU
		{3B3966AD-2308-4969-9BAE-C5AC6F3B1B1B}.Debug|Any CPU.Build.0 = Debug|Any CPU
		{3B3966AD-2308-4969-9BAE-C5AC6F3B1B1B}.Release|Any CPU.ActiveCfg = Release|Any CPU
		{3B3966AD-2308-4969-9BAE-C5AC6F3B1B1B}.Release|Any CPU.Build.0 = Release|Any CPU
		{3FFEE447-C2A7-4BC3-A833-8C30F742314B}.Debug|Any CPU.ActiveCfg = Debug|Any CPU
		{3FFEE447-C2A7-4BC3-A833-8C30F742314B}.Debug|Any CPU.Build.0 = Debug|Any CPU
		{3FFEE447-C2A7-4BC3-A833-8C30F742314B}.Release|Any CPU.ActiveCfg = Release|Any CPU
		{3FFEE447-C2A7-4BC3-A833-8C30F742314B}.Release|Any CPU.Build.0 = Release|Any CPU
	EndGlobalSection
	GlobalSection(SolutionProperties) = preSolution
		HideSolutionNode = FALSE
	EndGlobalSection
	GlobalSection(NestedProjects) = preSolution
		{80A55E4C-DEEC-4A0E-8CA8-1DF82597D5D8} = {5857290E-DC98-4049-A788-C14C22049BCF}
		{81D57D59-FE72-41F1-839B-FBC202EEFDBB} = {80A55E4C-DEEC-4A0E-8CA8-1DF82597D5D8}
		{21E5B33C-FDE4-459B-A8DB-C7F5223C0591} = {80A55E4C-DEEC-4A0E-8CA8-1DF82597D5D8}
		{6FA1F34D-32A4-46A2-B462-01C8CE036602} = {80A55E4C-DEEC-4A0E-8CA8-1DF82597D5D8}
		{3B3966AD-2308-4969-9BAE-C5AC6F3B1B1B} = {80A55E4C-DEEC-4A0E-8CA8-1DF82597D5D8}
		{3FFEE447-C2A7-4BC3-A833-8C30F742314B} = {80A55E4C-DEEC-4A0E-8CA8-1DF82597D5D8}
	EndGlobalSection
	GlobalSection(ExtensibilityGlobals) = postSolution
		SolutionGuid = {638C38B2-1B2E-43AF-AFC3-1FA245C35F6E}
	EndGlobalSection
EndGlobal
