
Microsoft Visual Studio Solution File, Format Version 12.00
# Visual Studio Version 16
VisualStudioVersion = 16.0.29709.97
MinimumVisualStudioVersion = 10.0.40219.1
Project("{2150E333-8FDC-42A3-9474-1A3956D46DE8}") = "C Sharp Basico", "C Sharp Basico", "{5857290E-DC98-4049-A788-C14C22049BCF}"
EndProject
Project("{2150E333-8FDC-42A3-9474-1A3956D46DE8}") = "Operadores y Condicionales", "Operadores y Condicionales", "{80A55E4C-DEEC-4A0E-8CA8-1DF82597D5D8}"
EndProject
Project("{9A19103F-16F7-4668-BE54-9A1E7A4F7556}") = "Calcular IMC", "Operadores y Condicionales\Calcular IMC\Calcular IMC.csproj", "{81D57D59-FE72-41F1-839B-FBC202EEFDBB}"
EndProject
Project("{9A19103F-16F7-4668-BE54-9A1E7A4F7556}") = "Radio Circunferencia", "Operadores y Condicionales\Radio Circunferencia\Radio Circunferencia.csproj", "{21E5B33C-FDE4-459B-A8DB-C7F5223C0591}"
EndProject
Project("{9A19103F-16F7-4668-BE54-9A1E7A4F7556}") = "Signo Zodiacal", "Operadores y Condicionales\Signo Zodiacal\Signo Zodiacal.csproj", "{6FA1F34D-32A4-46A2-B462-01C8CE036602}"
EndProject
Project("{9A19103F-16F7-4668-BE54-9A1E7A4F7556}") = "Ecuaciones de 2do Grado", "Operadores y Condicionales\Ecuaciones de 2do Grado\Ecuaciones de 2do Grado.csproj", "{3B3966AD-2308-4969-9BAE-C5AC6F3B1B1B}"
EndProject
Project("{9A19103F-16F7-4668-BE54-9A1E7A4F7556}") = "Calculadora Basica", "Operadores y Condicionales\Calculadora Basica\Calculadora Basica.csproj", "{3FFEE447-C2A7-4BC3-A833-8C30F742314B}"
EndProject
Project("{9A19103F-16F7-4668-BE54-9A1E7A4F7556}") = "Calcular promedio nota", "Operadores y Condicionales\Calcular promedio nota\Calcular promedio nota.csproj", "{79B07844-FBBB-443C-8516-C080DFE581F3}"
EndProject
Project("{9A19103F-16F7-4668-BE54-9A1E7A4F7556}") = "Conversiones de Moneda", "Operadores y Condicionales\Conversiones de Moneda\Conversiones de Moneda.csproj", "{B5390949-AAB0-4ED3-AB5A-C9DECB83E790}"
EndProject
Project("{9A19103F-16F7-4668-BE54-9A1E7A4F7556}") = "Analizador de Generacion", "Operadores y Condicionales\Analizador de Generacion\Analizador de Generacion.csproj", "{D45CEFAC-D64A-4394-87AA-E7A4F6AFC7DE}"
EndProject
Project("{9A19103F-16F7-4668-BE54-9A1E7A4F7556}") = "Hipotenusa de un Triangulo", "Operadores y Condicionales\Hipotenusa de un Triangulo\Hipotenusa de un Triangulo.csproj", "{C1A31521-04C6-4B08-84D8-F8CF117274CA}"
EndProject
Project("{2150E333-8FDC-42A3-9474-1A3956D46DE8}") = "Bucles", "Bucles", "{9D5A611C-75C4-4873-8318-A01F6806340F}"
EndProject
Project("{9A19103F-16F7-4668-BE54-9A1E7A4F7556}") = "patron_de_diamante", "Bucles\patron_de_diamante\patron_de_diamante.csproj", "{D9C8A963-C029-407B-B74D-9AAB4B9F06A3}"
EndProject
Project("{FAE04EC0-301F-11D3-BF4B-00C04F79EFBC}") = "numeros_impares", "Bucles\numeros_impares\numeros_impares.csproj", "{A92F7641-E5BC-4EB0-B6DE-9DF384F9809A}"
EndProject
Project("{9A19103F-16F7-4668-BE54-9A1E7A4F7556}") = "cuenta_regresiva", "Bucles\cuenta_regresiva\cuenta_regresiva.csproj", "{9BCBB395-6B81-41EB-B4B6-826293425205}"
EndProject
Project("{9A19103F-16F7-4668-BE54-9A1E7A4F7556}") = "tabla_multiplicacion_de_un_numero", "Bucles\tabla_multiplicacion_de_un_numero\tabla_multiplicacion_de_un_numero.csproj", "{C165D1E0-EB90-4FD7-AE2D-0965EECBAC8D}"
EndProject
Project("{9A19103F-16F7-4668-BE54-9A1E7A4F7556}") = "sumatoria_de_numeros_impares", "Bucles\sumatoria_de_numeros_impares\sumatoria_de_numeros_impares.csproj", "{FE3952EE-DF11-418A-B44D-3E5C0CFD9233}"
EndProject
Project("{9A19103F-16F7-4668-BE54-9A1E7A4F7556}") = "numeros_de_armstrong", "Bucles\numeros_de_armstrong\numeros_de_armstrong.csproj", "{3D1E0485-15A7-4496-86AC-E1C2B0B33D2C}"
EndProject
Project("{9A19103F-16F7-4668-BE54-9A1E7A4F7556}") = "terminos_de_fibonacci", "Bucles\terminos_de_fibonacci\terminos_de_fibonacci.csproj", "{32942825-2834-43C7-AB63-CBAA92F80B68}"
EndProject
Project("{FAE04EC0-301F-11D3-BF4B-00C04F79EFBC}") = "ciclo_para_sumar", "Bucles\ciclo_para_sumar\ciclo_para_sumar.csproj", "{4156938F-2F0B-4B92-A9D3-714154DAE8C9}"
EndProject
Project("{FAE04EC0-301F-11D3-BF4B-00C04F79EFBC}") = "revertir_numero_entero", "Bucles\revertir_numero_entero\revertir_numero_entero.csproj", "{87D91988-AF5C-46BC-AE3F-3D7D3E34E2DD}"
EndProject
Project("{FAE04EC0-301F-11D3-BF4B-00C04F79EFBC}") = "palindromas", "Bucles\palindromas\palindromas.csproj", "{74C102BC-574B-489F-819F-3DA1270B4F89}"
EndProject
Global
	GlobalSection(SolutionConfigurationPlatforms) = preSolution
		Debug|Any CPU = Debug|Any CPU
		Release|Any CPU = Release|Any CPU
	EndGlobalSection
	GlobalSection(ProjectConfigurationPlatforms) = postSolution
		{81D57D59-FE72-41F1-839B-FBC202EEFDBB}.Debug|Any CPU.ActiveCfg = Debug|Any CPU
		{81D57D59-FE72-41F1-839B-FBC202EEFDBB}.Debug|Any CPU.Build.0 = Debug|Any CPU
		{81D57D59-FE72-41F1-839B-FBC202EEFDBB}.Release|Any CPU.ActiveCfg = Release|Any CPU
		{81D57D59-FE72-41F1-839B-FBC202EEFDBB}.Release|Any CPU.Build.0 = Release|Any CPU
		{21E5B33C-FDE4-459B-A8DB-C7F5223C0591}.Debug|Any CPU.ActiveCfg = Debug|Any CPU
		{21E5B33C-FDE4-459B-A8DB-C7F5223C0591}.Debug|Any CPU.Build.0 = Debug|Any CPU
		{21E5B33C-FDE4-459B-A8DB-C7F5223C0591}.Release|Any CPU.ActiveCfg = Release|Any CPU
		{21E5B33C-FDE4-459B-A8DB-C7F5223C0591}.Release|Any CPU.Build.0 = Release|Any CPU
		{6FA1F34D-32A4-46A2-B462-01C8CE036602}.Debug|Any CPU.ActiveCfg = Debug|Any CPU
		{6FA1F34D-32A4-46A2-B462-01C8CE036602}.Debug|Any CPU.Build.0 = Debug|Any CPU
		{6FA1F34D-32A4-46A2-B462-01C8CE036602}.Release|Any CPU.ActiveCfg = Release|Any CPU
		{6FA1F34D-32A4-46A2-B462-01C8CE036602}.Release|Any CPU.Build.0 = Release|Any CPU
		{3B3966AD-2308-4969-9BAE-C5AC6F3B1B1B}.Debug|Any CPU.ActiveCfg = Debug|Any CPU
		{3B3966AD-2308-4969-9BAE-C5AC6F3B1B1B}.Debug|Any CPU.Build.0 = Debug|Any CPU
		{3B3966AD-2308-4969-9BAE-C5AC6F3B1B1B}.Release|Any CPU.ActiveCfg = Release|Any CPU
		{3B3966AD-2308-4969-9BAE-C5AC6F3B1B1B}.Release|Any CPU.Build.0 = Release|Any CPU
		{3FFEE447-C2A7-4BC3-A833-8C30F742314B}.Debug|Any CPU.ActiveCfg = Debug|Any CPU
		{3FFEE447-C2A7-4BC3-A833-8C30F742314B}.Debug|Any CPU.Build.0 = Debug|Any CPU
		{3FFEE447-C2A7-4BC3-A833-8C30F742314B}.Release|Any CPU.ActiveCfg = Release|Any CPU
		{3FFEE447-C2A7-4BC3-A833-8C30F742314B}.Release|Any CPU.Build.0 = Release|Any CPU
		{79B07844-FBBB-443C-8516-C080DFE581F3}.Debug|Any CPU.ActiveCfg = Debug|Any CPU
		{79B07844-FBBB-443C-8516-C080DFE581F3}.Debug|Any CPU.Build.0 = Debug|Any CPU
		{79B07844-FBBB-443C-8516-C080DFE581F3}.Release|Any CPU.ActiveCfg = Release|Any CPU
		{79B07844-FBBB-443C-8516-C080DFE581F3}.Release|Any CPU.Build.0 = Release|Any CPU
		{B5390949-AAB0-4ED3-AB5A-C9DECB83E790}.Debug|Any CPU.ActiveCfg = Debug|Any CPU
		{B5390949-AAB0-4ED3-AB5A-C9DECB83E790}.Debug|Any CPU.Build.0 = Debug|Any CPU
		{B5390949-AAB0-4ED3-AB5A-C9DECB83E790}.Release|Any CPU.ActiveCfg = Release|Any CPU
		{B5390949-AAB0-4ED3-AB5A-C9DECB83E790}.Release|Any CPU.Build.0 = Release|Any CPU
		{D45CEFAC-D64A-4394-87AA-E7A4F6AFC7DE}.Debug|Any CPU.ActiveCfg = Debug|Any CPU
		{D45CEFAC-D64A-4394-87AA-E7A4F6AFC7DE}.Debug|Any CPU.Build.0 = Debug|Any CPU
		{D45CEFAC-D64A-4394-87AA-E7A4F6AFC7DE}.Release|Any CPU.ActiveCfg = Release|Any CPU
		{D45CEFAC-D64A-4394-87AA-E7A4F6AFC7DE}.Release|Any CPU.Build.0 = Release|Any CPU
		{C1A31521-04C6-4B08-84D8-F8CF117274CA}.Debug|Any CPU.ActiveCfg = Debug|Any CPU
		{C1A31521-04C6-4B08-84D8-F8CF117274CA}.Debug|Any CPU.Build.0 = Debug|Any CPU
		{C1A31521-04C6-4B08-84D8-F8CF117274CA}.Release|Any CPU.ActiveCfg = Release|Any CPU
		{C1A31521-04C6-4B08-84D8-F8CF117274CA}.Release|Any CPU.Build.0 = Release|Any CPU
		{D9C8A963-C029-407B-B74D-9AAB4B9F06A3}.Debug|Any CPU.ActiveCfg = Debug|Any CPU
		{D9C8A963-C029-407B-B74D-9AAB4B9F06A3}.Debug|Any CPU.Build.0 = Debug|Any CPU
		{D9C8A963-C029-407B-B74D-9AAB4B9F06A3}.Release|Any CPU.ActiveCfg = Release|Any CPU
		{D9C8A963-C029-407B-B74D-9AAB4B9F06A3}.Release|Any CPU.Build.0 = Release|Any CPU
		{A92F7641-E5BC-4EB0-B6DE-9DF384F9809A}.Debug|Any CPU.ActiveCfg = Debug|Any CPU
		{A92F7641-E5BC-4EB0-B6DE-9DF384F9809A}.Debug|Any CPU.Build.0 = Debug|Any CPU
		{A92F7641-E5BC-4EB0-B6DE-9DF384F9809A}.Release|Any CPU.ActiveCfg = Release|Any CPU
		{A92F7641-E5BC-4EB0-B6DE-9DF384F9809A}.Release|Any CPU.Build.0 = Release|Any CPU
		{9BCBB395-6B81-41EB-B4B6-826293425205}.Debug|Any CPU.ActiveCfg = Debug|Any CPU
		{9BCBB395-6B81-41EB-B4B6-826293425205}.Debug|Any CPU.Build.0 = Debug|Any CPU
		{9BCBB395-6B81-41EB-B4B6-826293425205}.Release|Any CPU.ActiveCfg = Release|Any CPU
		{9BCBB395-6B81-41EB-B4B6-826293425205}.Release|Any CPU.Build.0 = Release|Any CPU
		{C165D1E0-EB90-4FD7-AE2D-0965EECBAC8D}.Debug|Any CPU.ActiveCfg = Debug|Any CPU
		{C165D1E0-EB90-4FD7-AE2D-0965EECBAC8D}.Debug|Any CPU.Build.0 = Debug|Any CPU
		{C165D1E0-EB90-4FD7-AE2D-0965EECBAC8D}.Release|Any CPU.ActiveCfg = Release|Any CPU
		{C165D1E0-EB90-4FD7-AE2D-0965EECBAC8D}.Release|Any CPU.Build.0 = Release|Any CPU
		{FE3952EE-DF11-418A-B44D-3E5C0CFD9233}.Debug|Any CPU.ActiveCfg = Debug|Any CPU
		{FE3952EE-DF11-418A-B44D-3E5C0CFD9233}.Debug|Any CPU.Build.0 = Debug|Any CPU
		{FE3952EE-DF11-418A-B44D-3E5C0CFD9233}.Release|Any CPU.ActiveCfg = Release|Any CPU
		{FE3952EE-DF11-418A-B44D-3E5C0CFD9233}.Release|Any CPU.Build.0 = Release|Any CPU
		{3D1E0485-15A7-4496-86AC-E1C2B0B33D2C}.Debug|Any CPU.ActiveCfg = Debug|Any CPU
		{3D1E0485-15A7-4496-86AC-E1C2B0B33D2C}.Debug|Any CPU.Build.0 = Debug|Any CPU
		{3D1E0485-15A7-4496-86AC-E1C2B0B33D2C}.Release|Any CPU.ActiveCfg = Release|Any CPU
		{3D1E0485-15A7-4496-86AC-E1C2B0B33D2C}.Release|Any CPU.Build.0 = Release|Any CPU
		{32942825-2834-43C7-AB63-CBAA92F80B68}.Debug|Any CPU.ActiveCfg = Debug|Any CPU
		{32942825-2834-43C7-AB63-CBAA92F80B68}.Debug|Any CPU.Build.0 = Debug|Any CPU
		{32942825-2834-43C7-AB63-CBAA92F80B68}.Release|Any CPU.ActiveCfg = Release|Any CPU
		{32942825-2834-43C7-AB63-CBAA92F80B68}.Release|Any CPU.Build.0 = Release|Any CPU
		{4156938F-2F0B-4B92-A9D3-714154DAE8C9}.Debug|Any CPU.ActiveCfg = Debug|Any CPU
		{4156938F-2F0B-4B92-A9D3-714154DAE8C9}.Debug|Any CPU.Build.0 = Debug|Any CPU
		{4156938F-2F0B-4B92-A9D3-714154DAE8C9}.Release|Any CPU.ActiveCfg = Release|Any CPU
		{4156938F-2F0B-4B92-A9D3-714154DAE8C9}.Release|Any CPU.Build.0 = Release|Any CPU
		{87D91988-AF5C-46BC-AE3F-3D7D3E34E2DD}.Debug|Any CPU.ActiveCfg = Debug|Any CPU
		{87D91988-AF5C-46BC-AE3F-3D7D3E34E2DD}.Debug|Any CPU.Build.0 = Debug|Any CPU
		{87D91988-AF5C-46BC-AE3F-3D7D3E34E2DD}.Release|Any CPU.ActiveCfg = Release|Any CPU
		{87D91988-AF5C-46BC-AE3F-3D7D3E34E2DD}.Release|Any CPU.Build.0 = Release|Any CPU
		{74C102BC-574B-489F-819F-3DA1270B4F89}.Debug|Any CPU.ActiveCfg = Debug|Any CPU
		{74C102BC-574B-489F-819F-3DA1270B4F89}.Debug|Any CPU.Build.0 = Debug|Any CPU
		{74C102BC-574B-489F-819F-3DA1270B4F89}.Release|Any CPU.ActiveCfg = Release|Any CPU
		{74C102BC-574B-489F-819F-3DA1270B4F89}.Release|Any CPU.Build.0 = Release|Any CPU
	EndGlobalSection
	GlobalSection(SolutionProperties) = preSolution
		HideSolutionNode = FALSE
	EndGlobalSection
	GlobalSection(NestedProjects) = preSolution
		{80A55E4C-DEEC-4A0E-8CA8-1DF82597D5D8} = {5857290E-DC98-4049-A788-C14C22049BCF}
		{81D57D59-FE72-41F1-839B-FBC202EEFDBB} = {80A55E4C-DEEC-4A0E-8CA8-1DF82597D5D8}
		{21E5B33C-FDE4-459B-A8DB-C7F5223C0591} = {80A55E4C-DEEC-4A0E-8CA8-1DF82597D5D8}
		{6FA1F34D-32A4-46A2-B462-01C8CE036602} = {80A55E4C-DEEC-4A0E-8CA8-1DF82597D5D8}
		{3B3966AD-2308-4969-9BAE-C5AC6F3B1B1B} = {80A55E4C-DEEC-4A0E-8CA8-1DF82597D5D8}
		{3FFEE447-C2A7-4BC3-A833-8C30F742314B} = {80A55E4C-DEEC-4A0E-8CA8-1DF82597D5D8}
		{79B07844-FBBB-443C-8516-C080DFE581F3} = {80A55E4C-DEEC-4A0E-8CA8-1DF82597D5D8}
		{B5390949-AAB0-4ED3-AB5A-C9DECB83E790} = {80A55E4C-DEEC-4A0E-8CA8-1DF82597D5D8}
		{D45CEFAC-D64A-4394-87AA-E7A4F6AFC7DE} = {80A55E4C-DEEC-4A0E-8CA8-1DF82597D5D8}
		{C1A31521-04C6-4B08-84D8-F8CF117274CA} = {80A55E4C-DEEC-4A0E-8CA8-1DF82597D5D8}
		{9D5A611C-75C4-4873-8318-A01F6806340F} = {5857290E-DC98-4049-A788-C14C22049BCF}
		{D9C8A963-C029-407B-B74D-9AAB4B9F06A3} = {9D5A611C-75C4-4873-8318-A01F6806340F}
		{A92F7641-E5BC-4EB0-B6DE-9DF384F9809A} = {9D5A611C-75C4-4873-8318-A01F6806340F}
		{9BCBB395-6B81-41EB-B4B6-826293425205} = {9D5A611C-75C4-4873-8318-A01F6806340F}
		{C165D1E0-EB90-4FD7-AE2D-0965EECBAC8D} = {9D5A611C-75C4-4873-8318-A01F6806340F}
		{FE3952EE-DF11-418A-B44D-3E5C0CFD9233} = {9D5A611C-75C4-4873-8318-A01F6806340F}
		{3D1E0485-15A7-4496-86AC-E1C2B0B33D2C} = {9D5A611C-75C4-4873-8318-A01F6806340F}
		{32942825-2834-43C7-AB63-CBAA92F80B68} = {9D5A611C-75C4-4873-8318-A01F6806340F}
		{4156938F-2F0B-4B92-A9D3-714154DAE8C9} = {9D5A611C-75C4-4873-8318-A01F6806340F}
		{87D91988-AF5C-46BC-AE3F-3D7D3E34E2DD} = {9D5A611C-75C4-4873-8318-A01F6806340F}
		{74C102BC-574B-489F-819F-3DA1270B4F89} = {9D5A611C-75C4-4873-8318-A01F6806340F}
	EndGlobalSection
	GlobalSection(ExtensibilityGlobals) = postSolution
		SolutionGuid = {638C38B2-1B2E-43AF-AFC3-1FA245C35F6E}
	EndGlobalSection
EndGlobal
